
Microsoft Visual Studio Solution File, Format Version 12.00
# Visual Studio 15
VisualStudioVersion = 15.0.28307.168
MinimumVisualStudioVersion = 10.0.40219.1
Project("{8BC9CEB8-8B4A-11D0-8D11-00A0C91BC942}") = "C++Clipboard", "C++Clipboard\C++Clipboard.vcxproj", "{16E0A3E0-2728-4075-AB84-E6485119948F}"
EndProject
Global
	GlobalSection(SolutionConfigurationPlatforms) = preSolution
		Debug|x64 = Debug|x64
		Debug|x86 = Debug|x86
		Release|x64 = Release|x64
		Release|x86 = Release|x86
	EndGlobalSection
	GlobalSection(ProjectConfigurationPlatforms) = postSolution
		{16E0A3E0-2728-4075-AB84-E6485119948F}.Debug|x64.ActiveCfg = Debug|x64
		{16E0A3E0-2728-4075-AB84-E6485119948F}.Debug|x64.Build.0 = Debug|x64
		{16E0A3E0-2728-4075-AB84-E6485119948F}.Debug|x86.ActiveCfg = Debug|Win32
		{16E0A3E0-2728-4075-AB84-E6485119948F}.Debug|x86.Build.0 = Debug|Win32
		{16E0A3E0-2728-4075-AB84-E6485119948F}.Release|x64.ActiveCfg = Release|x64
		{16E0A3E0-2728-4075-AB84-E6485119948F}.Release|x64.Build.0 = Release|x64
		{16E0A3E0-2728-4075-AB84-E6485119948F}.Release|x86.ActiveCfg = Release|Win32
		{16E0A3E0-2728-4075-AB84-E6485119948F}.Release|x86.Build.0 = Release|Win32
	EndGlobalSection
	GlobalSection(SolutionProperties) = preSolution
		HideSolutionNode = FALSE
	EndGlobalSection
	GlobalSection(ExtensibilityGlobals) = postSolution
		SolutionGuid = {407F51A3-4EC0-42E3-8CF8-F5E43E78E8AC}
	EndGlobalSection
EndGlobal
